
Microsoft Visual Studio Solution File, Format Version 12.00
# Visual Studio 15
VisualStudioVersion = 15.0.28307.168
MinimumVisualStudioVersion = 10.0.40219.1
Project("{FAE04EC0-301F-11D3-BF4B-00C04F79EFBC}") = "GitDemo", "GitDemo\GitDemo.csproj", "{E72CCF1B-1551-463D-8A45-72DE99083DDD}"
EndProject
Global
	GlobalSection(SolutionConfigurationPlatforms) = preSolution
		Debug|Any CPU = Debug|Any CPU
		Release|Any CPU = Release|Any CPU
	EndGlobalSection
	GlobalSection(ProjectConfigurationPlatforms) = postSolution
		{E72CCF1B-1551-463D-8A45-72DE99083DDD}.Debug|Any CPU.ActiveCfg = Debug|Any CPU
		{E72CCF1B-1551-463D-8A45-72DE99083DDD}.Debug|Any CPU.Build.0 = Debug|Any CPU
		{E72CCF1B-1551-463D-8A45-72DE99083DDD}.Release|Any CPU.ActiveCfg = Release|Any CPU
		{E72CCF1B-1551-463D-8A45-72DE99083DDD}.Release|Any CPU.Build.0 = Release|Any CPU
	EndGlobalSection
	GlobalSection(SolutionProperties) = preSolution
		HideSolutionNode = FALSE
	EndGlobalSection
	GlobalSection(ExtensibilityGlobals) = postSolution
		SolutionGuid = {96C761FA-31FA-4EBB-BCD9-670326DD1225}
	EndGlobalSection
EndGlobal
